// !$*UTF8*$!
{
	archiveVersion = 1;
	classes = {
	};
	objectVersion = 46;
	objects = {

/* Begin PBXBuildFile section */
		5013C7B91D9DE59C0025FD90 /* main.m in Sources */ = {isa = PBXBuildFile; fileRef = 5013C7B81D9DE59C0025FD90 /* main.m */; };
		5013C7BC1D9DE59C0025FD90 /* AppDelegate.m in Sources */ = {isa = PBXBuildFile; fileRef = 5013C7BB1D9DE59C0025FD90 /* AppDelegate.m */; };
		5013C7C21D9DE59C0025FD90 /* Main.storyboard in Resources */ = {isa = PBXBuildFile; fileRef = 5013C7C01D9DE59C0025FD90 /* Main.storyboard */; };
		5013C7C41D9DE59D0025FD90 /* Assets.xcassets in Resources */ = {isa = PBXBuildFile; fileRef = 5013C7C31D9DE59D0025FD90 /* Assets.xcassets */; };
		5013C7C71D9DE59D0025FD90 /* LaunchScreen.storyboard in Resources */ = {isa = PBXBuildFile; fileRef = 5013C7C51D9DE59D0025FD90 /* LaunchScreen.storyboard */; };
		5013C7D01D9DE7110025FD90 /* ADHSong.m in Sources */ = {isa = PBXBuildFile; fileRef = 5013C7CF1D9DE7110025FD90 /* ADHSong.m */; };
		5013C7D41D9DED560025FD90 /* ADHPlaylist.m in Sources */ = {isa = PBXBuildFile; fileRef = 5013C7D31D9DED560025FD90 /* ADHPlaylist.m */; };
		5013C7D71D9DF32F0025FD90 /* ADHPlaylistController.m in Sources */ = {isa = PBXBuildFile; fileRef = 5013C7D61D9DF32F0025FD90 /* ADHPlaylistController.m */; };
		5013C7DB1D9DF6DA0025FD90 /* ADHPlaylistsViewController.m in Sources */ = {isa = PBXBuildFile; fileRef = 5013C7DA1D9DF6DA0025FD90 /* ADHPlaylistsViewController.m */; };
		5013C7DF1D9DF71F0025FD90 /* ADHDetailViewController.m in Sources */ = {isa = PBXBuildFile; fileRef = 5013C7DE1D9DF71F0025FD90 /* ADHDetailViewController.m */; };
/* End PBXBuildFile section */

/* Begin PBXFileReference section */
		5013C7B41D9DE59C0025FD90 /* PlaylistC.app */ = {isa = PBXFileReference; explicitFileType = wrapper.application; includeInIndex = 0; path = PlaylistC.app; sourceTree = BUILT_PRODUCTS_DIR; };
		5013C7B81D9DE59C0025FD90 /* main.m */ = {isa = PBXFileReference; lastKnownFileType = sourcecode.c.objc; path = main.m; sourceTree = "<group>"; };
		5013C7BA1D9DE59C0025FD90 /* AppDelegate.h */ = {isa = PBXFileReference; lastKnownFileType = sourcecode.c.h; path = AppDelegate.h; sourceTree = "<group>"; };
		5013C7BB1D9DE59C0025FD90 /* AppDelegate.m */ = {isa = PBXFileReference; lastKnownFileType = sourcecode.c.objc; path = AppDelegate.m; sourceTree = "<group>"; };
		5013C7C11D9DE59C0025FD90 /* Base */ = {isa = PBXFileReference; lastKnownFileType = file.storyboard; name = Base; path = Base.lproj/Main.storyboard; sourceTree = "<group>"; };
		5013C7C31D9DE59D0025FD90 /* Assets.xcassets */ = {isa = PBXFileReference; lastKnownFileType = folder.assetcatalog; path = Assets.xcassets; sourceTree = "<group>"; };
		5013C7C61D9DE59D0025FD90 /* Base */ = {isa = PBXFileReference; lastKnownFileType = file.storyboard; name = Base; path = Base.lproj/LaunchScreen.storyboard; sourceTree = "<group>"; };
		5013C7C81D9DE59D0025FD90 /* Info.plist */ = {isa = PBXFileReference; lastKnownFileType = text.plist.xml; path = Info.plist; sourceTree = "<group>"; };
		5013C7CE1D9DE7110025FD90 /* ADHSong.h */ = {isa = PBXFileReference; fileEncoding = 4; lastKnownFileType = sourcecode.c.h; path = ADHSong.h; sourceTree = "<group>"; };
		5013C7CF1D9DE7110025FD90 /* ADHSong.m */ = {isa = PBXFileReference; fileEncoding = 4; lastKnownFileType = sourcecode.c.objc; path = ADHSong.m; sourceTree = "<group>"; };
		5013C7D21D9DED560025FD90 /* ADHPlaylist.h */ = {isa = PBXFileReference; fileEncoding = 4; lastKnownFileType = sourcecode.c.h; path = ADHPlaylist.h; sourceTree = "<group>"; };
		5013C7D31D9DED560025FD90 /* ADHPlaylist.m */ = {isa = PBXFileReference; fileEncoding = 4; lastKnownFileType = sourcecode.c.objc; path = ADHPlaylist.m; sourceTree = "<group>"; };
		5013C7D51D9DF32F0025FD90 /* ADHPlaylistController.h */ = {isa = PBXFileReference; fileEncoding = 4; lastKnownFileType = sourcecode.c.h; path = ADHPlaylistController.h; sourceTree = "<group>"; };
		5013C7D61D9DF32F0025FD90 /* ADHPlaylistController.m */ = {isa = PBXFileReference; fileEncoding = 4; lastKnownFileType = sourcecode.c.objc; path = ADHPlaylistController.m; sourceTree = "<group>"; };
		5013C7D91D9DF6DA0025FD90 /* ADHPlaylistsViewController.h */ = {isa = PBXFileReference; fileEncoding = 4; lastKnownFileType = sourcecode.c.h; path = ADHPlaylistsViewController.h; sourceTree = "<group>"; };
		5013C7DA1D9DF6DA0025FD90 /* ADHPlaylistsViewController.m */ = {isa = PBXFileReference; fileEncoding = 4; lastKnownFileType = sourcecode.c.objc; path = ADHPlaylistsViewController.m; sourceTree = "<group>"; };
		5013C7DD1D9DF71F0025FD90 /* ADHDetailViewController.h */ = {isa = PBXFileReference; fileEncoding = 4; lastKnownFileType = sourcecode.c.h; path = ADHDetailViewController.h; sourceTree = "<group>"; };
		5013C7DE1D9DF71F0025FD90 /* ADHDetailViewController.m */ = {isa = PBXFileReference; fileEncoding = 4; lastKnownFileType = sourcecode.c.objc; path = ADHDetailViewController.m; sourceTree = "<group>"; };
/* End PBXFileReference section */

/* Begin PBXFrameworksBuildPhase section */
		5013C7B11D9DE59C0025FD90 /* Frameworks */ = {
			isa = PBXFrameworksBuildPhase;
			buildActionMask = 2147483647;
			files = (
			);
			runOnlyForDeploymentPostprocessing = 0;
		};
/* End PBXFrameworksBuildPhase section */

/* Begin PBXGroup section */
		5013C7AB1D9DE59C0025FD90 = {
			isa = PBXGroup;
			children = (
				5013C7B61D9DE59C0025FD90 /* PlaylistC */,
				5013C7B51D9DE59C0025FD90 /* Products */,
			);
			sourceTree = "<group>";
		};
		5013C7B51D9DE59C0025FD90 /* Products */ = {
			isa = PBXGroup;
			children = (
				5013C7B41D9DE59C0025FD90 /* PlaylistC.app */,
			);
			name = Products;
			sourceTree = "<group>";
		};
		5013C7B61D9DE59C0025FD90 /* PlaylistC */ = {
			isa = PBXGroup;
			children = (
				5013C7DC1D9DF6E00025FD90 /* ViewControllers */,
				5013C7D81D9DF3340025FD90 /* ModelControllers */,
				5013C7D11D9DE7220025FD90 /* Models */,
				5013C7BA1D9DE59C0025FD90 /* AppDelegate.h */,
				5013C7BB1D9DE59C0025FD90 /* AppDelegate.m */,
				5013C7C01D9DE59C0025FD90 /* Main.storyboard */,
				5013C7C31D9DE59D0025FD90 /* Assets.xcassets */,
				5013C7C51D9DE59D0025FD90 /* LaunchScreen.storyboard */,
				5013C7C81D9DE59D0025FD90 /* Info.plist */,
				5013C7B71D9DE59C0025FD90 /* Supporting Files */,
			);
			path = PlaylistC;
			sourceTree = "<group>";
		};
		5013C7B71D9DE59C0025FD90 /* Supporting Files */ = {
			isa = PBXGroup;
			children = (
				5013C7B81D9DE59C0025FD90 /* main.m */,
			);
			name = "Supporting Files";
			sourceTree = "<group>";
		};
		5013C7D11D9DE7220025FD90 /* Models */ = {
			isa = PBXGroup;
			children = (
				5013C7CE1D9DE7110025FD90 /* ADHSong.h */,
				5013C7CF1D9DE7110025FD90 /* ADHSong.m */,
				5013C7D21D9DED560025FD90 /* ADHPlaylist.h */,
				5013C7D31D9DED560025FD90 /* ADHPlaylist.m */,
			);
			name = Models;
			path = ..;
			sourceTree = "<group>";
		};
		5013C7D81D9DF3340025FD90 /* ModelControllers */ = {
			isa = PBXGroup;
			children = (
				5013C7D51D9DF32F0025FD90 /* ADHPlaylistController.h */,
				5013C7D61D9DF32F0025FD90 /* ADHPlaylistController.m */,
			);
			name = ModelControllers;
			sourceTree = "<group>";
		};
		5013C7DC1D9DF6E00025FD90 /* ViewControllers */ = {
			isa = PBXGroup;
			children = (
				5013C7D91D9DF6DA0025FD90 /* ADHPlaylistsViewController.h */,
				5013C7DA1D9DF6DA0025FD90 /* ADHPlaylistsViewController.m */,
				5013C7DD1D9DF71F0025FD90 /* ADHDetailViewController.h */,
				5013C7DE1D9DF71F0025FD90 /* ADHDetailViewController.m */,
			);
			name = ViewControllers;
			sourceTree = "<group>";
		};
/* End PBXGroup section */

/* Begin PBXNativeTarget section */
		5013C7B31D9DE59C0025FD90 /* PlaylistC */ = {
			isa = PBXNativeTarget;
			buildConfigurationList = 5013C7CB1D9DE59D0025FD90 /* Build configuration list for PBXNativeTarget "PlaylistC" */;
			buildPhases = (
				5013C7B01D9DE59C0025FD90 /* Sources */,
				5013C7B11D9DE59C0025FD90 /* Frameworks */,
				5013C7B21D9DE59C0025FD90 /* Resources */,
			);
			buildRules = (
			);
			dependencies = (
			);
			name = PlaylistC;
			productName = PlaylistC;
			productReference = 5013C7B41D9DE59C0025FD90 /* PlaylistC.app */;
			productType = "com.apple.product-type.application";
		};
/* End PBXNativeTarget section */

/* Begin PBXProject section */
		5013C7AC1D9DE59C0025FD90 /* Project object */ = {
			isa = PBXProject;
			attributes = {
				LastUpgradeCheck = 0800;
				ORGANIZATIONNAME = "Austin Hesterly";
				TargetAttributes = {
					5013C7B31D9DE59C0025FD90 = {
						CreatedOnToolsVersion = 8.0;
						DevelopmentTeam = NUG2GE3SWX;
						ProvisioningStyle = Automatic;
					};
				};
			};
			buildConfigurationList = 5013C7AF1D9DE59C0025FD90 /* Build configuration list for PBXProject "PlaylistC" */;
			compatibilityVersion = "Xcode 3.2";
			developmentRegion = English;
			hasScannedForEncodings = 0;
			knownRegions = (
				en,
				Base,
			);
			mainGroup = 5013C7AB1D9DE59C0025FD90;
			productRefGroup = 5013C7B51D9DE59C0025FD90 /* Products */;
			projectDirPath = "";
			projectRoot = "";
			targets = (
				5013C7B31D9DE59C0025FD90 /* PlaylistC */,
			);
		};
/* End PBXProject section */

/* Begin PBXResourcesBuildPhase section */
		5013C7B21D9DE59C0025FD90 /* Resources */ = {
			isa = PBXResourcesBuildPhase;
			buildActionMask = 2147483647;
			files = (
				5013C7C71D9DE59D0025FD90 /* LaunchScreen.storyboard in Resources */,
				5013C7C41D9DE59D0025FD90 /* Assets.xcassets in Resources */,
				5013C7C21D9DE59C0025FD90 /* Main.storyboard in Resources */,
			);
			runOnlyForDeploymentPostprocessing = 0;
		};
/* End PBXResourcesBuildPhase section */

/* Begin PBXSourcesBuildPhase section */
		5013C7B01D9DE59C0025FD90 /* Sources */ = {
			isa = PBXSourcesBuildPhase;
			buildActionMask = 2147483647;
			files = (
				5013C7BC1D9DE59C0025FD90 /* AppDelegate.m in Sources */,
				5013C7DF1D9DF71F0025FD90 /* ADHDetailViewController.m in Sources */,
				5013C7D71D9DF32F0025FD90 /* ADHPlaylistController.m in Sources */,
				5013C7D01D9DE7110025FD90 /* ADHSong.m in Sources */,
				5013C7B91D9DE59C0025FD90 /* main.m in Sources */,
				5013C7DB1D9DF6DA0025FD90 /* ADHPlaylistsViewController.m in Sources */,
				5013C7D41D9DED560025FD90 /* ADHPlaylist.m in Sources */,
			);
			runOnlyForDeploymentPostprocessing = 0;
		};
/* End PBXSourcesBuildPhase section */

/* Begin PBXVariantGroup section */
		5013C7C01D9DE59C0025FD90 /* Main.storyboard */ = {
			isa = PBXVariantGroup;
			children = (
				5013C7C11D9DE59C0025FD90 /* Base */,
			);
			name = Main.storyboard;
			sourceTree = "<group>";
		};
		5013C7C51D9DE59D0025FD90 /* LaunchScreen.storyboard */ = {
			isa = PBXVariantGroup;
			children = (
				5013C7C61D9DE59D0025FD90 /* Base */,
			);
			name = LaunchScreen.storyboard;
			sourceTree = "<group>";
		};
/* End PBXVariantGroup section */

/* Begin XCBuildConfiguration section */
		5013C7C91D9DE59D0025FD90 /* Debug */ = {
			isa = XCBuildConfiguration;
			buildSettings = {
				ALWAYS_SEARCH_USER_PATHS = NO;
				CLANG_ANALYZER_NONNULL = YES;
				CLANG_CXX_LANGUAGE_STANDARD = "gnu++0x";
				CLANG_CXX_LIBRARY = "libc++";
				CLANG_ENABLE_MODULES = YES;
				CLANG_ENABLE_OBJC_ARC = YES;
				CLANG_WARN_BOOL_CONVERSION = YES;
				CLANG_WARN_CONSTANT_CONVERSION = YES;
				CLANG_WARN_DIRECT_OBJC_ISA_USAGE = YES_ERROR;
				CLANG_WARN_DOCUMENTATION_COMMENTS = YES;
				CLANG_WARN_EMPTY_BODY = YES;
				CLANG_WARN_ENUM_CONVERSION = YES;
				CLANG_WARN_INFINITE_RECURSION = YES;
				CLANG_WARN_INT_CONVERSION = YES;
				CLANG_WARN_OBJC_ROOT_CLASS = YES_ERROR;
				CLANG_WARN_SUSPICIOUS_MOVES = YES;
				CLANG_WARN_UNREACHABLE_CODE = YES;
				CLANG_WARN__DUPLICATE_METHOD_MATCH = YES;
				"CODE_SIGN_IDENTITY[sdk=iphoneos*]" = "iPhone Developer";
				COPY_PHASE_STRIP = NO;
				DEBUG_INFORMATION_FORMAT = dwarf;
				ENABLE_STRICT_OBJC_MSGSEND = YES;
				ENABLE_TESTABILITY = YES;
				GCC_C_LANGUAGE_STANDARD = gnu99;
				GCC_DYNAMIC_NO_PIC = NO;
				GCC_NO_COMMON_BLOCKS = YES;
				GCC_OPTIMIZATION_LEVEL = 0;
				GCC_PREPROCESSOR_DEFINITIONS = (
					"DEBUG=1",
					"$(inherited)",
				);
				GCC_WARN_64_TO_32_BIT_CONVERSION = YES;
				GCC_WARN_ABOUT_RETURN_TYPE = YES_ERROR;
				GCC_WARN_UNDECLARED_SELECTOR = YES;
				GCC_WARN_UNINITIALIZED_AUTOS = YES_AGGRESSIVE;
				GCC_WARN_UNUSED_FUNCTION = YES;
				GCC_WARN_UNUSED_VARIABLE = YES;
				IPHONEOS_DEPLOYMENT_TARGET = 10.0;
				MTL_ENABLE_DEBUG_INFO = YES;
				ONLY_ACTIVE_ARCH = YES;
				SDKROOT = iphoneos;
				TARGETED_DEVICE_FAMILY = "1,2";
			};
			name = Debug;
		};
		5013C7CA1D9DE59D0025FD90 /* Release */ = {
			isa = XCBuildConfiguration;
			buildSettings = {
				ALWAYS_SEARCH_USER_PATHS = NO;
				CLANG_ANALYZER_NONNULL = YES;
				CLANG_CXX_LANGUAGE_STANDARD = "gnu++0x";
				CLANG_CXX_LIBRARY = "libc++";
				CLANG_ENABLE_MODULES = YES;
				CLANG_ENABLE_OBJC_ARC = YES;
				CLANG_WARN_BOOL_CONVERSION = YES;
				CLANG_WARN_CONSTANT_CONVERSION = YES;
				CLANG_WARN_DIRECT_OBJC_ISA_USAGE = YES_ERROR;
				CLANG_WARN_DOCUMENTATION_COMMENTS = YES;
				CLANG_WARN_EMPTY_BODY = YES;
				CLANG_WARN_ENUM_CONVERSION = YES;
				CLANG_WARN_INFINITE_RECURSION = YES;
				CLANG_WARN_INT_CONVERSION = YES;
				CLANG_WARN_OBJC_ROOT_CLASS = YES_ERROR;
				CLANG_WARN_SUSPICIOUS_MOVES = YES;
				CLANG_WARN_UNREACHABLE_CODE = YES;
				CLANG_WARN__DUPLICATE_METHOD_MATCH = YES;
				"CODE_SIGN_IDENTITY[sdk=iphoneos*]" = "iPhone Developer";
				COPY_PHASE_STRIP = NO;
				DEBUG_INFORMATION_FORMAT = "dwarf-with-dsym";
				ENABLE_NS_ASSERTIONS = NO;
				ENABLE_STRICT_OBJC_MSGSEND = YES;
				GCC_C_LANGUAGE_STANDARD = gnu99;
				GCC_NO_COMMON_BLOCKS = YES;
				GCC_WARN_64_TO_32_BIT_CONVERSION = YES;
				GCC_WARN_ABOUT_RETURN_TYPE = YES_ERROR;
				GCC_WARN_UNDECLARED_SELECTOR = YES;
				GCC_WARN_UNINITIALIZED_AUTOS = YES_AGGRESSIVE;
				GCC_WARN_UNUSED_FUNCTION = YES;
				GCC_WARN_UNUSED_VARIABLE = YES;
				IPHONEOS_DEPLOYMENT_TARGET = 10.0;
				MTL_ENABLE_DEBUG_INFO = NO;
				SDKROOT = iphoneos;
				TARGETED_DEVICE_FAMILY = "1,2";
				VALIDATE_PRODUCT = YES;
			};
			name = Release;
		};
		5013C7CC1D9DE59D0025FD90 /* Debug */ = {
			isa = XCBuildConfiguration;
			buildSettings = {
				ASSETCATALOG_COMPILER_APPICON_NAME = AppIcon;
				DEVELOPMENT_TEAM = NUG2GE3SWX;
				INFOPLIST_FILE = PlaylistC/Info.plist;
				LD_RUNPATH_SEARCH_PATHS = "$(inherited) @executable_path/Frameworks";
				PRODUCT_BUNDLE_IDENTIFIER = com.austinhesterly.PlaylistC;
				PRODUCT_NAME = "$(TARGET_NAME)";
			};
			name = Debug;
		};
		5013C7CD1D9DE59D0025FD90 /* Release */ = {
			isa = XCBuildConfiguration;
			buildSettings = {
				ASSETCATALOG_COMPILER_APPICON_NAME = AppIcon;
				DEVELOPMENT_TEAM = NUG2GE3SWX;
				INFOPLIST_FILE = PlaylistC/Info.plist;
				LD_RUNPATH_SEARCH_PATHS = "$(inherited) @executable_path/Frameworks";
				PRODUCT_BUNDLE_IDENTIFIER = com.austinhesterly.PlaylistC;
				PRODUCT_NAME = "$(TARGET_NAME)";
			};
			name = Release;
		};
/* End XCBuildConfiguration section */

/* Begin XCConfigurationList section */
		5013C7AF1D9DE59C0025FD90 /* Build configuration list for PBXProject "PlaylistC" */ = {
			isa = XCConfigurationList;
			buildConfigurations = (
				5013C7C91D9DE59D0025FD90 /* Debug */,
				5013C7CA1D9DE59D0025FD90 /* Release */,
			);
			defaultConfigurationIsVisible = 0;
			defaultConfigurationName = Release;
		};
		5013C7CB1D9DE59D0025FD90 /* Build configuration list for PBXNativeTarget "PlaylistC" */ = {
			isa = XCConfigurationList;
			buildConfigurations = (
				5013C7CC1D9DE59D0025FD90 /* Debug */,
				5013C7CD1D9DE59D0025FD90 /* Release */,
			);
			defaultConfigurationIsVisible = 0;
		};
/* End XCConfigurationList section */
	};
	rootObject = 5013C7AC1D9DE59C0025FD90 /* Project object */;
}
